// !$*UTF8*$!
{
	archiveVersion = 1;
	classes = {
	};
	objectVersion = 50;
	objects = {

/* Begin PBXBuildFile section */
		890C8DF92683B0D600A0A5A0 /* AddBookView.swift in Sources */ = {isa = PBXBuildFile; fileRef = 890C8DF82683B0D600A0A5A0 /* AddBookView.swift */; };
		890C8DFC26848ED200A0A5A0 /* RatingView.swift in Sources */ = {isa = PBXBuildFile; fileRef = 890C8DFB26848ED200A0A5A0 /* RatingView.swift */; };
		894BAD1926851FA6002BB829 /* EmojiRatingview.swift in Sources */ = {isa = PBXBuildFile; fileRef = 894BAD1826851FA6002BB829 /* EmojiRatingview.swift */; };
		894BAD1B26852804002BB829 /* DetailView.swift in Sources */ = {isa = PBXBuildFile; fileRef = 894BAD1A26852804002BB829 /* DetailView.swift */; };
		896268F82683A13A00D6C740 /* bookWormUIApp.swift in Sources */ = {isa = PBXBuildFile; fileRef = 896268F72683A13A00D6C740 /* bookWormUIApp.swift */; };
		896268FA2683A13A00D6C740 /* ContentView.swift in Sources */ = {isa = PBXBuildFile; fileRef = 896268F92683A13A00D6C740 /* ContentView.swift */; };
		896268FC2683A13C00D6C740 /* Assets.xcassets in Resources */ = {isa = PBXBuildFile; fileRef = 896268FB2683A13C00D6C740 /* Assets.xcassets */; };
		896268FF2683A13C00D6C740 /* Preview Assets.xcassets in Resources */ = {isa = PBXBuildFile; fileRef = 896268FE2683A13C00D6C740 /* Preview Assets.xcassets */; };
		896269012683A13C00D6C740 /* Persistence.swift in Sources */ = {isa = PBXBuildFile; fileRef = 896269002683A13C00D6C740 /* Persistence.swift */; };
		896269042683A13C00D6C740 /* bookWormUI.xcdatamodeld in Sources */ = {isa = PBXBuildFile; fileRef = 896269022683A13C00D6C740 /* bookWormUI.xcdatamodeld */; };
/* End PBXBuildFile section */

/* Begin PBXFileReference section */
		890C8DF82683B0D600A0A5A0 /* AddBookView.swift */ = {isa = PBXFileReference; lastKnownFileType = sourcecode.swift; path = AddBookView.swift; sourceTree = "<group>"; };
		890C8DFB26848ED200A0A5A0 /* RatingView.swift */ = {isa = PBXFileReference; lastKnownFileType = sourcecode.swift; path = RatingView.swift; sourceTree = "<group>"; };
		894BAD1826851FA6002BB829 /* EmojiRatingview.swift */ = {isa = PBXFileReference; lastKnownFileType = sourcecode.swift; path = EmojiRatingview.swift; sourceTree = "<group>"; };
		894BAD1A26852804002BB829 /* DetailView.swift */ = {isa = PBXFileReference; lastKnownFileType = sourcecode.swift; path = DetailView.swift; sourceTree = "<group>"; };
		896268F42683A13A00D6C740 /* bookWormUI.app */ = {isa = PBXFileReference; explicitFileType = wrapper.application; includeInIndex = 0; path = bookWormUI.app; sourceTree = BUILT_PRODUCTS_DIR; };
		896268F72683A13A00D6C740 /* bookWormUIApp.swift */ = {isa = PBXFileReference; lastKnownFileType = sourcecode.swift; path = bookWormUIApp.swift; sourceTree = "<group>"; };
		896268F92683A13A00D6C740 /* ContentView.swift */ = {isa = PBXFileReference; lastKnownFileType = sourcecode.swift; path = ContentView.swift; sourceTree = "<group>"; };
		896268FB2683A13C00D6C740 /* Assets.xcassets */ = {isa = PBXFileReference; lastKnownFileType = folder.assetcatalog; path = Assets.xcassets; sourceTree = "<group>"; };
		896268FE2683A13C00D6C740 /* Preview Assets.xcassets */ = {isa = PBXFileReference; lastKnownFileType = folder.assetcatalog; path = "Preview Assets.xcassets"; sourceTree = "<group>"; };
		896269002683A13C00D6C740 /* Persistence.swift */ = {isa = PBXFileReference; lastKnownFileType = sourcecode.swift; path = Persistence.swift; sourceTree = "<group>"; };
		896269032683A13C00D6C740 /* bookWormUI.xcdatamodel */ = {isa = PBXFileReference; lastKnownFileType = wrapper.xcdatamodel; path = bookWormUI.xcdatamodel; sourceTree = "<group>"; };
		896269052683A13C00D6C740 /* Info.plist */ = {isa = PBXFileReference; lastKnownFileType = text.plist.xml; path = Info.plist; sourceTree = "<group>"; };
/* End PBXFileReference section */

/* Begin PBXFrameworksBuildPhase section */
		896268F12683A13A00D6C740 /* Frameworks */ = {
			isa = PBXFrameworksBuildPhase;
			buildActionMask = 2147483647;
			files = (
			);
			runOnlyForDeploymentPostprocessing = 0;
		};
/* End PBXFrameworksBuildPhase section */

/* Begin PBXGroup section */
		890C8DFA2683B0D900A0A5A0 /* View */ = {
			isa = PBXGroup;
			children = (
				896268F92683A13A00D6C740 /* ContentView.swift */,
				890C8DF82683B0D600A0A5A0 /* AddBookView.swift */,
				890C8DFB26848ED200A0A5A0 /* RatingView.swift */,
				894BAD1826851FA6002BB829 /* EmojiRatingview.swift */,
				894BAD1A26852804002BB829 /* DetailView.swift */,
			);
			path = View;
			sourceTree = "<group>";
		};
		896268EB2683A13A00D6C740 = {
			isa = PBXGroup;
			children = (
				896268F62683A13A00D6C740 /* bookWormUI */,
				896268F52683A13A00D6C740 /* Products */,
			);
			sourceTree = "<group>";
		};
		896268F52683A13A00D6C740 /* Products */ = {
			isa = PBXGroup;
			children = (
				896268F42683A13A00D6C740 /* bookWormUI.app */,
			);
			name = Products;
			sourceTree = "<group>";
		};
		896268F62683A13A00D6C740 /* bookWormUI */ = {
			isa = PBXGroup;
			children = (
				896268F72683A13A00D6C740 /* bookWormUIApp.swift */,
				890C8DFA2683B0D900A0A5A0 /* View */,
				896268FB2683A13C00D6C740 /* Assets.xcassets */,
				896269002683A13C00D6C740 /* Persistence.swift */,
				896269052683A13C00D6C740 /* Info.plist */,
				896269022683A13C00D6C740 /* bookWormUI.xcdatamodeld */,
				896268FD2683A13C00D6C740 /* Preview Content */,
			);
			path = bookWormUI;
			sourceTree = "<group>";
		};
		896268FD2683A13C00D6C740 /* Preview Content */ = {
			isa = PBXGroup;
			children = (
				896268FE2683A13C00D6C740 /* Preview Assets.xcassets */,
			);
			path = "Preview Content";
			sourceTree = "<group>";
		};
/* End PBXGroup section */

/* Begin PBXNativeTarget section */
		896268F32683A13A00D6C740 /* bookWormUI */ = {
			isa = PBXNativeTarget;
			buildConfigurationList = 896269082683A13C00D6C740 /* Build configuration list for PBXNativeTarget "bookWormUI" */;
			buildPhases = (
				896268F02683A13A00D6C740 /* Sources */,
				896268F12683A13A00D6C740 /* Frameworks */,
				896268F22683A13A00D6C740 /* Resources */,
			);
			buildRules = (
			);
			dependencies = (
			);
			name = bookWormUI;
			productName = bookWormUI;
			productReference = 896268F42683A13A00D6C740 /* bookWormUI.app */;
			productType = "com.apple.product-type.application";
		};
/* End PBXNativeTarget section */

/* Begin PBXProject section */
		896268EC2683A13A00D6C740 /* Project object */ = {
			isa = PBXProject;
			attributes = {
				LastSwiftUpdateCheck = 1250;
				LastUpgradeCheck = 1250;
				TargetAttributes = {
					896268F32683A13A00D6C740 = {
						CreatedOnToolsVersion = 12.5;
					};
				};
			};
			buildConfigurationList = 896268EF2683A13A00D6C740 /* Build configuration list for PBXProject "bookWormUI" */;
			compatibilityVersion = "Xcode 9.3";
			developmentRegion = en;
			hasScannedForEncodings = 0;
			knownRegions = (
				en,
				Base,
			);
			mainGroup = 896268EB2683A13A00D6C740;
			productRefGroup = 896268F52683A13A00D6C740 /* Products */;
			projectDirPath = "";
			projectRoot = "";
			targets = (
				896268F32683A13A00D6C740 /* bookWormUI */,
			);
		};
/* End PBXProject section */

/* Begin PBXResourcesBuildPhase section */
		896268F22683A13A00D6C740 /* Resources */ = {
			isa = PBXResourcesBuildPhase;
			buildActionMask = 2147483647;
			files = (
				896268FF2683A13C00D6C740 /* Preview Assets.xcassets in Resources */,
				896268FC2683A13C00D6C740 /* Assets.xcassets in Resources */,
			);
			runOnlyForDeploymentPostprocessing = 0;
		};
/* End PBXResourcesBuildPhase section */

/* Begin PBXSourcesBuildPhase section */
		896268F02683A13A00D6C740 /* Sources */ = {
			isa = PBXSourcesBuildPhase;
			buildActionMask = 2147483647;
			files = (
				896269012683A13C00D6C740 /* Persistence.swift in Sources */,
				894BAD1B26852804002BB829 /* DetailView.swift in Sources */,
				896269042683A13C00D6C740 /* bookWormUI.xcdatamodeld in Sources */,
				894BAD1926851FA6002BB829 /* EmojiRatingview.swift in Sources */,
				896268FA2683A13A00D6C740 /* ContentView.swift in Sources */,
				890C8DFC26848ED200A0A5A0 /* RatingView.swift in Sources */,
				896268F82683A13A00D6C740 /* bookWormUIApp.swift in Sources */,
				890C8DF92683B0D600A0A5A0 /* AddBookView.swift in Sources */,
			);
			runOnlyForDeploymentPostprocessing = 0;
		};
/* End PBXSourcesBuildPhase section */

/* Begin XCBuildConfiguration section */
		896269062683A13C00D6C740 /* Debug */ = {
			isa = XCBuildConfiguration;
			buildSettings = {
				ALWAYS_SEARCH_USER_PATHS = NO;
				CLANG_ANALYZER_NONNULL = YES;
				CLANG_ANALYZER_NUMBER_OBJECT_CONVERSION = YES_AGGRESSIVE;
				CLANG_CXX_LANGUAGE_STANDARD = "gnu++14";
				CLANG_CXX_LIBRARY = "libc++";
				CLANG_ENABLE_MODULES = YES;
				CLANG_ENABLE_OBJC_ARC = YES;
				CLANG_ENABLE_OBJC_WEAK = YES;
				CLANG_WARN_BLOCK_CAPTURE_AUTORELEASING = YES;
				CLANG_WARN_BOOL_CONVERSION = YES;
				CLANG_WARN_COMMA = YES;
				CLANG_WARN_CONSTANT_CONVERSION = YES;
				CLANG_WARN_DEPRECATED_OBJC_IMPLEMENTATIONS = YES;
				CLANG_WARN_DIRECT_OBJC_ISA_USAGE = YES_ERROR;
				CLANG_WARN_DOCUMENTATION_COMMENTS = YES;
				CLANG_WARN_EMPTY_BODY = YES;
				CLANG_WARN_ENUM_CONVERSION = YES;
				CLANG_WARN_INFINITE_RECURSION = YES;
				CLANG_WARN_INT_CONVERSION = YES;
				CLANG_WARN_NON_LITERAL_NULL_CONVERSION = YES;
				CLANG_WARN_OBJC_IMPLICIT_RETAIN_SELF = YES;
				CLANG_WARN_OBJC_LITERAL_CONVERSION = YES;
				CLANG_WARN_OBJC_ROOT_CLASS = YES_ERROR;
				CLANG_WARN_QUOTED_INCLUDE_IN_FRAMEWORK_HEADER = YES;
				CLANG_WARN_RANGE_LOOP_ANALYSIS = YES;
				CLANG_WARN_STRICT_PROTOTYPES = YES;
				CLANG_WARN_SUSPICIOUS_MOVE = YES;
				CLANG_WARN_UNGUARDED_AVAILABILITY = YES_AGGRESSIVE;
				CLANG_WARN_UNREACHABLE_CODE = YES;
				CLANG_WARN__DUPLICATE_METHOD_MATCH = YES;
				COPY_PHASE_STRIP = NO;
				DEBUG_INFORMATION_FORMAT = dwarf;
				ENABLE_STRICT_OBJC_MSGSEND = YES;
				ENABLE_TESTABILITY = YES;
				GCC_C_LANGUAGE_STANDARD = gnu11;
				GCC_DYNAMIC_NO_PIC = NO;
				GCC_NO_COMMON_BLOCKS = YES;
				GCC_OPTIMIZATION_LEVEL = 0;
				GCC_PREPROCESSOR_DEFINITIONS = (
					"DEBUG=1",
					"$(inherited)",
				);
				GCC_WARN_64_TO_32_BIT_CONVERSION = YES;
				GCC_WARN_ABOUT_RETURN_TYPE = YES_ERROR;
				GCC_WARN_UNDECLARED_SELECTOR = YES;
				GCC_WARN_UNINITIALIZED_AUTOS = YES_AGGRESSIVE;
				GCC_WARN_UNUSED_FUNCTION = YES;
				GCC_WARN_UNUSED_VARIABLE = YES;
				IPHONEOS_DEPLOYMENT_TARGET = 14.5;
				MTL_ENABLE_DEBUG_INFO = INCLUDE_SOURCE;
				MTL_FAST_MATH = YES;
				ONLY_ACTIVE_ARCH = YES;
				SDKROOT = iphoneos;
				SWIFT_ACTIVE_COMPILATION_CONDITIONS = DEBUG;
				SWIFT_OPTIMIZATION_LEVEL = "-Onone";
			};
			name = Debug;
		};
		896269072683A13C00D6C740 /* Release */ = {
			isa = XCBuildConfiguration;
			buildSettings = {
				ALWAYS_SEARCH_USER_PATHS = NO;
				CLANG_ANALYZER_NONNULL = YES;
				CLANG_ANALYZER_NUMBER_OBJECT_CONVERSION = YES_AGGRESSIVE;
				CLANG_CXX_LANGUAGE_STANDARD = "gnu++14";
				CLANG_CXX_LIBRARY = "libc++";
				CLANG_ENABLE_MODULES = YES;
				CLANG_ENABLE_OBJC_ARC = YES;
				CLANG_ENABLE_OBJC_WEAK = YES;
				CLANG_WARN_BLOCK_CAPTURE_AUTORELEASING = YES;
				CLANG_WARN_BOOL_CONVERSION = YES;
				CLANG_WARN_COMMA = YES;
				CLANG_WARN_CONSTANT_CONVERSION = YES;
				CLANG_WARN_DEPRECATED_OBJC_IMPLEMENTATIONS = YES;
				CLANG_WARN_DIRECT_OBJC_ISA_USAGE = YES_ERROR;
				CLANG_WARN_DOCUMENTATION_COMMENTS = YES;
				CLANG_WARN_EMPTY_BODY = YES;
				CLANG_WARN_ENUM_CONVERSION = YES;
				CLANG_WARN_INFINITE_RECURSION = YES;
				CLANG_WARN_INT_CONVERSION = YES;
				CLANG_WARN_NON_LITERAL_NULL_CONVERSION = YES;
				CLANG_WARN_OBJC_IMPLICIT_RETAIN_SELF = YES;
				CLANG_WARN_OBJC_LITERAL_CONVERSION = YES;
				CLANG_WARN_OBJC_ROOT_CLASS = YES_ERROR;
				CLANG_WARN_QUOTED_INCLUDE_IN_FRAMEWORK_HEADER = YES;
				CLANG_WARN_RANGE_LOOP_ANALYSIS = YES;
				CLANG_WARN_STRICT_PROTOTYPES = YES;
				CLANG_WARN_SUSPICIOUS_MOVE = YES;
				CLANG_WARN_UNGUARDED_AVAILABILITY = YES_AGGRESSIVE;
				CLANG_WARN_UNREACHABLE_CODE = YES;
				CLANG_WARN__DUPLICATE_METHOD_MATCH = YES;
				COPY_PHASE_STRIP = NO;
				DEBUG_INFORMATION_FORMAT = "dwarf-with-dsym";
				ENABLE_NS_ASSERTIONS = NO;
				ENABLE_STRICT_OBJC_MSGSEND = YES;
				GCC_C_LANGUAGE_STANDARD = gnu11;
				GCC_NO_COMMON_BLOCKS = YES;
				GCC_WARN_64_TO_32_BIT_CONVERSION = YES;
				GCC_WARN_ABOUT_RETURN_TYPE = YES_ERROR;
				GCC_WARN_UNDECLARED_SELECTOR = YES;
				GCC_WARN_UNINITIALIZED_AUTOS = YES_AGGRESSIVE;
				GCC_WARN_UNUSED_FUNCTION = YES;
				GCC_WARN_UNUSED_VARIABLE = YES;
				IPHONEOS_DEPLOYMENT_TARGET = 14.5;
				MTL_ENABLE_DEBUG_INFO = NO;
				MTL_FAST_MATH = YES;
				SDKROOT = iphoneos;
				SWIFT_COMPILATION_MODE = wholemodule;
				SWIFT_OPTIMIZATION_LEVEL = "-O";
				VALIDATE_PRODUCT = YES;
			};
			name = Release;
		};
		896269092683A13C00D6C740 /* Debug */ = {
			isa = XCBuildConfiguration;
			buildSettings = {
				ASSETCATALOG_COMPILER_APPICON_NAME = AppIcon;
				ASSETCATALOG_COMPILER_GLOBAL_ACCENT_COLOR_NAME = AccentColor;
				CODE_SIGN_STYLE = Automatic;
				DEVELOPMENT_ASSET_PATHS = "\"bookWormUI/Preview Content\"";
				DEVELOPMENT_TEAM = 2B3J4UV9AZ;
				ENABLE_PREVIEWS = YES;
				INFOPLIST_FILE = bookWormUI/Info.plist;
				IPHONEOS_DEPLOYMENT_TARGET = 14.0;
				LD_RUNPATH_SEARCH_PATHS = (
					"$(inherited)",
					"@executable_path/Frameworks",
				);
				PRODUCT_BUNDLE_IDENTIFIER = naschkat.bookWormUI;
				PRODUCT_NAME = "$(TARGET_NAME)";
				SWIFT_VERSION = 5.0;
				TARGETED_DEVICE_FAMILY = "1,2";
			};
			name = Debug;
		};
		8962690A2683A13C00D6C740 /* Release */ = {
			isa = XCBuildConfiguration;
			buildSettings = {
				ASSETCATALOG_COMPILER_APPICON_NAME = AppIcon;
				ASSETCATALOG_COMPILER_GLOBAL_ACCENT_COLOR_NAME = AccentColor;
				CODE_SIGN_STYLE = Automatic;
				DEVELOPMENT_ASSET_PATHS = "\"bookWormUI/Preview Content\"";
				DEVELOPMENT_TEAM = 2B3J4UV9AZ;
				ENABLE_PREVIEWS = YES;
				INFOPLIST_FILE = bookWormUI/Info.plist;
				IPHONEOS_DEPLOYMENT_TARGET = 14.0;
				LD_RUNPATH_SEARCH_PATHS = (
					"$(inherited)",
					"@executable_path/Frameworks",
				);
				PRODUCT_BUNDLE_IDENTIFIER = naschkat.bookWormUI;
				PRODUCT_NAME = "$(TARGET_NAME)";
				SWIFT_VERSION = 5.0;
				TARGETED_DEVICE_FAMILY = "1,2";
			};
			name = Release;
		};
/* End XCBuildConfiguration section */

/* Begin XCConfigurationList section */
		896268EF2683A13A00D6C740 /* Build configuration list for PBXProject "bookWormUI" */ = {
			isa = XCConfigurationList;
			buildConfigurations = (
				896269062683A13C00D6C740 /* Debug */,
				896269072683A13C00D6C740 /* Release */,
			);
			defaultConfigurationIsVisible = 0;
			defaultConfigurationName = Release;
		};
		896269082683A13C00D6C740 /* Build configuration list for PBXNativeTarget "bookWormUI" */ = {
			isa = XCConfigurationList;
			buildConfigurations = (
				896269092683A13C00D6C740 /* Debug */,
				8962690A2683A13C00D6C740 /* Release */,
			);
			defaultConfigurationIsVisible = 0;
			defaultConfigurationName = Release;
		};
/* End XCConfigurationList section */

/* Begin XCVersionGroup section */
		896269022683A13C00D6C740 /* bookWormUI.xcdatamodeld */ = {
			isa = XCVersionGroup;
			children = (
				896269032683A13C00D6C740 /* bookWormUI.xcdatamodel */,
			);
			currentVersion = 896269032683A13C00D6C740 /* bookWormUI.xcdatamodel */;
			path = bookWormUI.xcdatamodeld;
			sourceTree = "<group>";
			versionGroupType = wrapper.xcdatamodel;
		};
/* End XCVersionGroup section */
	};
	rootObject = 896268EC2683A13A00D6C740 /* Project object */;
}
